
Microsoft Visual Studio Solution File, Format Version 12.00
# Visual Studio 15
VisualStudioVersion = 15.0.26124.0
MinimumVisualStudioVersion = 15.0.26124.0
Project("{FAE04EC0-301F-11D3-BF4B-00C04F79EFBC}") = "SportsStore", "SportsStore\SportsStore.csproj", "{6C858435-D7E5-4E58-B7E2-3B8EBC3CC487}"
EndProject
Project("{FAE04EC0-301F-11D3-BF4B-00C04F79EFBC}") = "SportsStore.Tests", "SportsStore.Tests\SportsStore.Tests.csproj", "{2F52B47A-30C7-4E71-9849-3C7854C280C6}"
EndProject
Project("{2150E333-8FDC-42A3-9474-1A3956D46DE8}") = "Solution Items", "Solution Items", "{90BA295C-37BB-4E78-958A-1184F3144DF0}"
EndProject
Global
	GlobalSection(SolutionConfigurationPlatforms) = preSolution
		Debug|Any CPU = Debug|Any CPU
		Debug|x64 = Debug|x64
		Debug|x86 = Debug|x86
		Release|Any CPU = Release|Any CPU
		Release|x64 = Release|x64
		Release|x86 = Release|x86
	EndGlobalSection
	GlobalSection(SolutionProperties) = preSolution
		HideSolutionNode = FALSE
	EndGlobalSection
	GlobalSection(ProjectConfigurationPlatforms) = postSolution
		{6C858435-D7E5-4E58-B7E2-3B8EBC3CC487}.Debug|Any CPU.ActiveCfg = Debug|Any CPU
		{6C858435-D7E5-4E58-B7E2-3B8EBC3CC487}.Debug|Any CPU.Build.0 = Debug|Any CPU
		{6C858435-D7E5-4E58-B7E2-3B8EBC3CC487}.Debug|x64.ActiveCfg = Debug|Any CPU
		{6C858435-D7E5-4E58-B7E2-3B8EBC3CC487}.Debug|x64.Build.0 = Debug|Any CPU
		{6C858435-D7E5-4E58-B7E2-3B8EBC3CC487}.Debug|x86.ActiveCfg = Debug|Any CPU
		{6C858435-D7E5-4E58-B7E2-3B8EBC3CC487}.Debug|x86.Build.0 = Debug|Any CPU
		{6C858435-D7E5-4E58-B7E2-3B8EBC3CC487}.Release|Any CPU.ActiveCfg = Release|Any CPU
		{6C858435-D7E5-4E58-B7E2-3B8EBC3CC487}.Release|Any CPU.Build.0 = Release|Any CPU
		{6C858435-D7E5-4E58-B7E2-3B8EBC3CC487}.Release|x64.ActiveCfg = Release|Any CPU
		{6C858435-D7E5-4E58-B7E2-3B8EBC3CC487}.Release|x64.Build.0 = Release|Any CPU
		{6C858435-D7E5-4E58-B7E2-3B8EBC3CC487}.Release|x86.ActiveCfg = Release|Any CPU
		{6C858435-D7E5-4E58-B7E2-3B8EBC3CC487}.Release|x86.Build.0 = Release|Any CPU
		{2F52B47A-30C7-4E71-9849-3C7854C280C6}.Debug|Any CPU.ActiveCfg = Debug|Any CPU
		{2F52B47A-30C7-4E71-9849-3C7854C280C6}.Debug|Any CPU.Build.0 = Debug|Any CPU
		{2F52B47A-30C7-4E71-9849-3C7854C280C6}.Debug|x64.ActiveCfg = Debug|Any CPU
		{2F52B47A-30C7-4E71-9849-3C7854C280C6}.Debug|x64.Build.0 = Debug|Any CPU
		{2F52B47A-30C7-4E71-9849-3C7854C280C6}.Debug|x86.ActiveCfg = Debug|Any CPU
		{2F52B47A-30C7-4E71-9849-3C7854C280C6}.Debug|x86.Build.0 = Debug|Any CPU
		{2F52B47A-30C7-4E71-9849-3C7854C280C6}.Release|Any CPU.ActiveCfg = Release|Any CPU
		{2F52B47A-30C7-4E71-9849-3C7854C280C6}.Release|Any CPU.Build.0 = Release|Any CPU
		{2F52B47A-30C7-4E71-9849-3C7854C280C6}.Release|x64.ActiveCfg = Release|Any CPU
		{2F52B47A-30C7-4E71-9849-3C7854C280C6}.Release|x64.Build.0 = Release|Any CPU
		{2F52B47A-30C7-4E71-9849-3C7854C280C6}.Release|x86.ActiveCfg = Release|Any CPU
		{2F52B47A-30C7-4E71-9849-3C7854C280C6}.Release|x86.Build.0 = Release|Any CPU
	EndGlobalSection
EndGlobal
